// !$*UTF8*$!
{
	archiveVersion = 1;
	classes = {
	};
	objectVersion = 50;
	objects = {

/* Begin PBXBuildFile section */
		30500C3825407AE700255132 /* AppDelegate.swift in Sources */ = {isa = PBXBuildFile; fileRef = 30500C3725407AE700255132 /* AppDelegate.swift */; };
		30500C3A25407AE700255132 /* SceneDelegate.swift in Sources */ = {isa = PBXBuildFile; fileRef = 30500C3925407AE700255132 /* SceneDelegate.swift */; };
		30500C3F25407AE700255132 /* Main.storyboard in Resources */ = {isa = PBXBuildFile; fileRef = 30500C3D25407AE700255132 /* Main.storyboard */; };
		30500C4125407AE900255132 /* Assets.xcassets in Resources */ = {isa = PBXBuildFile; fileRef = 30500C4025407AE900255132 /* Assets.xcassets */; };
		30500C4425407AE900255132 /* LaunchScreen.storyboard in Resources */ = {isa = PBXBuildFile; fileRef = 30500C4225407AE900255132 /* LaunchScreen.storyboard */; };
		30500C4E25407E7F00255132 /* TaskViewController.swift in Sources */ = {isa = PBXBuildFile; fileRef = 30500C4D25407E7F00255132 /* TaskViewController.swift */; };
		30500C5225409D8A00255132 /* Task.swift in Sources */ = {isa = PBXBuildFile; fileRef = 30500C5125409D8A00255132 /* Task.swift */; };
		30500C5525409F1D00255132 /* TaskHelper.swift in Sources */ = {isa = PBXBuildFile; fileRef = 30500C5425409F1D00255132 /* TaskHelper.swift */; };
		30EFBF772541EE6400C6E61A /* TasksUtility.swift in Sources */ = {isa = PBXBuildFile; fileRef = 30EFBF762541EE6400C6E61A /* TasksUtility.swift */; };
/* End PBXBuildFile section */

/* Begin PBXFileReference section */
		30500C3425407AE700255132 /* Agenda.app */ = {isa = PBXFileReference; explicitFileType = wrapper.application; includeInIndex = 0; path = Agenda.app; sourceTree = BUILT_PRODUCTS_DIR; };
		30500C3725407AE700255132 /* AppDelegate.swift */ = {isa = PBXFileReference; lastKnownFileType = sourcecode.swift; path = AppDelegate.swift; sourceTree = "<group>"; };
		30500C3925407AE700255132 /* SceneDelegate.swift */ = {isa = PBXFileReference; lastKnownFileType = sourcecode.swift; path = SceneDelegate.swift; sourceTree = "<group>"; };
		30500C3E25407AE700255132 /* Base */ = {isa = PBXFileReference; lastKnownFileType = file.storyboard; name = Base; path = Base.lproj/Main.storyboard; sourceTree = "<group>"; };
		30500C4025407AE900255132 /* Assets.xcassets */ = {isa = PBXFileReference; lastKnownFileType = folder.assetcatalog; path = Assets.xcassets; sourceTree = "<group>"; };
		30500C4325407AE900255132 /* Base */ = {isa = PBXFileReference; lastKnownFileType = file.storyboard; name = Base; path = Base.lproj/LaunchScreen.storyboard; sourceTree = "<group>"; };
		30500C4525407AE900255132 /* Info.plist */ = {isa = PBXFileReference; lastKnownFileType = text.plist.xml; path = Info.plist; sourceTree = "<group>"; };
		30500C4D25407E7F00255132 /* TaskViewController.swift */ = {isa = PBXFileReference; lastKnownFileType = sourcecode.swift; path = TaskViewController.swift; sourceTree = "<group>"; };
		30500C5125409D8A00255132 /* Task.swift */ = {isa = PBXFileReference; lastKnownFileType = sourcecode.swift; path = Task.swift; sourceTree = "<group>"; };
		30500C5425409F1D00255132 /* TaskHelper.swift */ = {isa = PBXFileReference; lastKnownFileType = sourcecode.swift; path = TaskHelper.swift; sourceTree = "<group>"; };
		30EFBF762541EE6400C6E61A /* TasksUtility.swift */ = {isa = PBXFileReference; lastKnownFileType = sourcecode.swift; path = TasksUtility.swift; sourceTree = "<group>"; };
/* End PBXFileReference section */

/* Begin PBXFrameworksBuildPhase section */
		30500C3125407AE700255132 /* Frameworks */ = {
			isa = PBXFrameworksBuildPhase;
			buildActionMask = 2147483647;
			files = (
			);
			runOnlyForDeploymentPostprocessing = 0;
		};
/* End PBXFrameworksBuildPhase section */

/* Begin PBXGroup section */
		30500C2B25407AE600255132 = {
			isa = PBXGroup;
			children = (
				30500C3625407AE700255132 /* Agenda */,
				30500C3525407AE700255132 /* Products */,
			);
			sourceTree = "<group>";
		};
		30500C3525407AE700255132 /* Products */ = {
			isa = PBXGroup;
			children = (
				30500C3425407AE700255132 /* Agenda.app */,
			);
			name = Products;
			sourceTree = "<group>";
		};
		30500C3625407AE700255132 /* Agenda */ = {
			isa = PBXGroup;
			children = (
				30EFBF792541EEEB00C6E61A /* System */,
				30500C4525407AE900255132 /* Info.plist */,
				30EFBF752541EDE800C6E61A /* Views */,
				30EFBF742541EDDE00C6E61A /* Models */,
				30EFBF732541EDD500C6E61A /* Helpers */,
				30EFBF722541EDC000C6E61A /* Controllers */,
			);
			path = Agenda;
			sourceTree = "<group>";
		};
		30EFBF722541EDC000C6E61A /* Controllers */ = {
			isa = PBXGroup;
			children = (
				30500C4D25407E7F00255132 /* TaskViewController.swift */,
			);
			path = Controllers;
			sourceTree = "<group>";
		};
		30EFBF732541EDD500C6E61A /* Helpers */ = {
			isa = PBXGroup;
			children = (
				30500C5425409F1D00255132 /* TaskHelper.swift */,
				30EFBF762541EE6400C6E61A /* TasksUtility.swift */,
			);
			path = Helpers;
			sourceTree = "<group>";
		};
		30EFBF742541EDDE00C6E61A /* Models */ = {
			isa = PBXGroup;
			children = (
				30500C5125409D8A00255132 /* Task.swift */,
			);
			path = Models;
			sourceTree = "<group>";
		};
		30EFBF752541EDE800C6E61A /* Views */ = {
			isa = PBXGroup;
			children = (
				30500C3D25407AE700255132 /* Main.storyboard */,
			);
			path = Views;
			sourceTree = "<group>";
		};
		30EFBF792541EEEB00C6E61A /* System */ = {
			isa = PBXGroup;
			children = (
				30500C3725407AE700255132 /* AppDelegate.swift */,
				30500C3925407AE700255132 /* SceneDelegate.swift */,
				30500C4025407AE900255132 /* Assets.xcassets */,
				30500C4225407AE900255132 /* LaunchScreen.storyboard */,
			);
			path = System;
			sourceTree = "<group>";
		};
/* End PBXGroup section */

/* Begin PBXNativeTarget section */
		30500C3325407AE700255132 /* Agenda */ = {
			isa = PBXNativeTarget;
			buildConfigurationList = 30500C4825407AE900255132 /* Build configuration list for PBXNativeTarget "Agenda" */;
			buildPhases = (
				30500C3025407AE700255132 /* Sources */,
				30500C3125407AE700255132 /* Frameworks */,
				30500C3225407AE700255132 /* Resources */,
			);
			buildRules = (
			);
			dependencies = (
			);
			name = Agenda;
			productName = Agenda;
			productReference = 30500C3425407AE700255132 /* Agenda.app */;
			productType = "com.apple.product-type.application";
		};
/* End PBXNativeTarget section */

/* Begin PBXProject section */
		30500C2C25407AE600255132 /* Project object */ = {
			isa = PBXProject;
			attributes = {
				LastSwiftUpdateCheck = 1200;
				LastUpgradeCheck = 1200;
				TargetAttributes = {
					30500C3325407AE700255132 = {
						CreatedOnToolsVersion = 12.0.1;
					};
				};
			};
			buildConfigurationList = 30500C2F25407AE600255132 /* Build configuration list for PBXProject "Agenda" */;
			compatibilityVersion = "Xcode 9.3";
			developmentRegion = en;
			hasScannedForEncodings = 0;
			knownRegions = (
				en,
				Base,
			);
			mainGroup = 30500C2B25407AE600255132;
			productRefGroup = 30500C3525407AE700255132 /* Products */;
			projectDirPath = "";
			projectRoot = "";
			targets = (
				30500C3325407AE700255132 /* Agenda */,
			);
		};
/* End PBXProject section */

/* Begin PBXResourcesBuildPhase section */
		30500C3225407AE700255132 /* Resources */ = {
			isa = PBXResourcesBuildPhase;
			buildActionMask = 2147483647;
			files = (
				30500C4425407AE900255132 /* LaunchScreen.storyboard in Resources */,
				30500C4125407AE900255132 /* Assets.xcassets in Resources */,
				30500C3F25407AE700255132 /* Main.storyboard in Resources */,
			);
			runOnlyForDeploymentPostprocessing = 0;
		};
/* End PBXResourcesBuildPhase section */

/* Begin PBXSourcesBuildPhase section */
		30500C3025407AE700255132 /* Sources */ = {
			isa = PBXSourcesBuildPhase;
			buildActionMask = 2147483647;
			files = (
				30500C5225409D8A00255132 /* Task.swift in Sources */,
				30500C5525409F1D00255132 /* TaskHelper.swift in Sources */,
				30500C3825407AE700255132 /* AppDelegate.swift in Sources */,
				30EFBF772541EE6400C6E61A /* TasksUtility.swift in Sources */,
				30500C3A25407AE700255132 /* SceneDelegate.swift in Sources */,
				30500C4E25407E7F00255132 /* TaskViewController.swift in Sources */,
			);
			runOnlyForDeploymentPostprocessing = 0;
		};
/* End PBXSourcesBuildPhase section */

/* Begin PBXVariantGroup section */
		30500C3D25407AE700255132 /* Main.storyboard */ = {
			isa = PBXVariantGroup;
			children = (
				30500C3E25407AE700255132 /* Base */,
			);
			name = Main.storyboard;
			sourceTree = "<group>";
		};
		30500C4225407AE900255132 /* LaunchScreen.storyboard */ = {
			isa = PBXVariantGroup;
			children = (
				30500C4325407AE900255132 /* Base */,
			);
			name = LaunchScreen.storyboard;
			sourceTree = "<group>";
		};
/* End PBXVariantGroup section */

/* Begin XCBuildConfiguration section */
		30500C4625407AE900255132 /* Debug */ = {
			isa = XCBuildConfiguration;
			buildSettings = {
				ALWAYS_SEARCH_USER_PATHS = NO;
				CLANG_ANALYZER_NONNULL = YES;
				CLANG_ANALYZER_NUMBER_OBJECT_CONVERSION = YES_AGGRESSIVE;
				CLANG_CXX_LANGUAGE_STANDARD = "gnu++14";
				CLANG_CXX_LIBRARY = "libc++";
				CLANG_ENABLE_MODULES = YES;
				CLANG_ENABLE_OBJC_ARC = YES;
				CLANG_ENABLE_OBJC_WEAK = YES;
				CLANG_WARN_BLOCK_CAPTURE_AUTORELEASING = YES;
				CLANG_WARN_BOOL_CONVERSION = YES;
				CLANG_WARN_COMMA = YES;
				CLANG_WARN_CONSTANT_CONVERSION = YES;
				CLANG_WARN_DEPRECATED_OBJC_IMPLEMENTATIONS = YES;
				CLANG_WARN_DIRECT_OBJC_ISA_USAGE = YES_ERROR;
				CLANG_WARN_DOCUMENTATION_COMMENTS = YES;
				CLANG_WARN_EMPTY_BODY = YES;
				CLANG_WARN_ENUM_CONVERSION = YES;
				CLANG_WARN_INFINITE_RECURSION = YES;
				CLANG_WARN_INT_CONVERSION = YES;
				CLANG_WARN_NON_LITERAL_NULL_CONVERSION = YES;
				CLANG_WARN_OBJC_IMPLICIT_RETAIN_SELF = YES;
				CLANG_WARN_OBJC_LITERAL_CONVERSION = YES;
				CLANG_WARN_OBJC_ROOT_CLASS = YES_ERROR;
				CLANG_WARN_QUOTED_INCLUDE_IN_FRAMEWORK_HEADER = YES;
				CLANG_WARN_RANGE_LOOP_ANALYSIS = YES;
				CLANG_WARN_STRICT_PROTOTYPES = YES;
				CLANG_WARN_SUSPICIOUS_MOVE = YES;
				CLANG_WARN_UNGUARDED_AVAILABILITY = YES_AGGRESSIVE;
				CLANG_WARN_UNREACHABLE_CODE = YES;
				CLANG_WARN__DUPLICATE_METHOD_MATCH = YES;
				COPY_PHASE_STRIP = NO;
				DEBUG_INFORMATION_FORMAT = dwarf;
				ENABLE_STRICT_OBJC_MSGSEND = YES;
				ENABLE_TESTABILITY = YES;
				GCC_C_LANGUAGE_STANDARD = gnu11;
				GCC_DYNAMIC_NO_PIC = NO;
				GCC_NO_COMMON_BLOCKS = YES;
				GCC_OPTIMIZATION_LEVEL = 0;
				GCC_PREPROCESSOR_DEFINITIONS = (
					"DEBUG=1",
					"$(inherited)",
				);
				GCC_WARN_64_TO_32_BIT_CONVERSION = YES;
				GCC_WARN_ABOUT_RETURN_TYPE = YES_ERROR;
				GCC_WARN_UNDECLARED_SELECTOR = YES;
				GCC_WARN_UNINITIALIZED_AUTOS = YES_AGGRESSIVE;
				GCC_WARN_UNUSED_FUNCTION = YES;
				GCC_WARN_UNUSED_VARIABLE = YES;
				IPHONEOS_DEPLOYMENT_TARGET = 14.0;
				MTL_ENABLE_DEBUG_INFO = INCLUDE_SOURCE;
				MTL_FAST_MATH = YES;
				ONLY_ACTIVE_ARCH = YES;
				SDKROOT = iphoneos;
				SWIFT_ACTIVE_COMPILATION_CONDITIONS = DEBUG;
				SWIFT_OPTIMIZATION_LEVEL = "-Onone";
			};
			name = Debug;
		};
		30500C4725407AE900255132 /* Release */ = {
			isa = XCBuildConfiguration;
			buildSettings = {
				ALWAYS_SEARCH_USER_PATHS = NO;
				CLANG_ANALYZER_NONNULL = YES;
				CLANG_ANALYZER_NUMBER_OBJECT_CONVERSION = YES_AGGRESSIVE;
				CLANG_CXX_LANGUAGE_STANDARD = "gnu++14";
				CLANG_CXX_LIBRARY = "libc++";
				CLANG_ENABLE_MODULES = YES;
				CLANG_ENABLE_OBJC_ARC = YES;
				CLANG_ENABLE_OBJC_WEAK = YES;
				CLANG_WARN_BLOCK_CAPTURE_AUTORELEASING = YES;
				CLANG_WARN_BOOL_CONVERSION = YES;
				CLANG_WARN_COMMA = YES;
				CLANG_WARN_CONSTANT_CONVERSION = YES;
				CLANG_WARN_DEPRECATED_OBJC_IMPLEMENTATIONS = YES;
				CLANG_WARN_DIRECT_OBJC_ISA_USAGE = YES_ERROR;
				CLANG_WARN_DOCUMENTATION_COMMENTS = YES;
				CLANG_WARN_EMPTY_BODY = YES;
				CLANG_WARN_ENUM_CONVERSION = YES;
				CLANG_WARN_INFINITE_RECURSION = YES;
				CLANG_WARN_INT_CONVERSION = YES;
				CLANG_WARN_NON_LITERAL_NULL_CONVERSION = YES;
				CLANG_WARN_OBJC_IMPLICIT_RETAIN_SELF = YES;
				CLANG_WARN_OBJC_LITERAL_CONVERSION = YES;
				CLANG_WARN_OBJC_ROOT_CLASS = YES_ERROR;
				CLANG_WARN_QUOTED_INCLUDE_IN_FRAMEWORK_HEADER = YES;
				CLANG_WARN_RANGE_LOOP_ANALYSIS = YES;
				CLANG_WARN_STRICT_PROTOTYPES = YES;
				CLANG_WARN_SUSPICIOUS_MOVE = YES;
				CLANG_WARN_UNGUARDED_AVAILABILITY = YES_AGGRESSIVE;
				CLANG_WARN_UNREACHABLE_CODE = YES;
				CLANG_WARN__DUPLICATE_METHOD_MATCH = YES;
				COPY_PHASE_STRIP = NO;
				DEBUG_INFORMATION_FORMAT = "dwarf-with-dsym";
				ENABLE_NS_ASSERTIONS = NO;
				ENABLE_STRICT_OBJC_MSGSEND = YES;
				GCC_C_LANGUAGE_STANDARD = gnu11;
				GCC_NO_COMMON_BLOCKS = YES;
				GCC_WARN_64_TO_32_BIT_CONVERSION = YES;
				GCC_WARN_ABOUT_RETURN_TYPE = YES_ERROR;
				GCC_WARN_UNDECLARED_SELECTOR = YES;
				GCC_WARN_UNINITIALIZED_AUTOS = YES_AGGRESSIVE;
				GCC_WARN_UNUSED_FUNCTION = YES;
				GCC_WARN_UNUSED_VARIABLE = YES;
				IPHONEOS_DEPLOYMENT_TARGET = 14.0;
				MTL_ENABLE_DEBUG_INFO = NO;
				MTL_FAST_MATH = YES;
				SDKROOT = iphoneos;
				SWIFT_COMPILATION_MODE = wholemodule;
				SWIFT_OPTIMIZATION_LEVEL = "-O";
				VALIDATE_PRODUCT = YES;
			};
			name = Release;
		};
		30500C4925407AE900255132 /* Debug */ = {
			isa = XCBuildConfiguration;
			buildSettings = {
				ASSETCATALOG_COMPILER_APPICON_NAME = AppIcon;
				ASSETCATALOG_COMPILER_GLOBAL_ACCENT_COLOR_NAME = AccentColor;
				CODE_SIGN_STYLE = Automatic;
				INFOPLIST_FILE = Agenda/Info.plist;
				LD_RUNPATH_SEARCH_PATHS = (
					"$(inherited)",
					"@executable_path/Frameworks",
				);
				PRODUCT_BUNDLE_IDENTIFIER = com.naat.Agenda;
				PRODUCT_NAME = "$(TARGET_NAME)";
				SWIFT_VERSION = 5.0;
				TARGETED_DEVICE_FAMILY = "1,2";
			};
			name = Debug;
		};
		30500C4A25407AE900255132 /* Release */ = {
			isa = XCBuildConfiguration;
			buildSettings = {
				ASSETCATALOG_COMPILER_APPICON_NAME = AppIcon;
				ASSETCATALOG_COMPILER_GLOBAL_ACCENT_COLOR_NAME = AccentColor;
				CODE_SIGN_STYLE = Automatic;
				INFOPLIST_FILE = Agenda/Info.plist;
				LD_RUNPATH_SEARCH_PATHS = (
					"$(inherited)",
					"@executable_path/Frameworks",
				);
				PRODUCT_BUNDLE_IDENTIFIER = com.naat.Agenda;
				PRODUCT_NAME = "$(TARGET_NAME)";
				SWIFT_VERSION = 5.0;
				TARGETED_DEVICE_FAMILY = "1,2";
			};
			name = Release;
		};
/* End XCBuildConfiguration section */

/* Begin XCConfigurationList section */
		30500C2F25407AE600255132 /* Build configuration list for PBXProject "Agenda" */ = {
			isa = XCConfigurationList;
			buildConfigurations = (
				30500C4625407AE900255132 /* Debug */,
				30500C4725407AE900255132 /* Release */,
			);
			defaultConfigurationIsVisible = 0;
			defaultConfigurationName = Release;
		};
		30500C4825407AE900255132 /* Build configuration list for PBXNativeTarget "Agenda" */ = {
			isa = XCConfigurationList;
			buildConfigurations = (
				30500C4925407AE900255132 /* Debug */,
				30500C4A25407AE900255132 /* Release */,
			);
			defaultConfigurationIsVisible = 0;
			defaultConfigurationName = Release;
		};
/* End XCConfigurationList section */
	};
	rootObject = 30500C2C25407AE600255132 /* Project object */;
}
